
Microsoft Visual Studio Solution File, Format Version 12.00
# Visual Studio Version 17
VisualStudioVersion = 17.0.31903.59
MinimumVisualStudioVersion = 10.0.40219.1
Project("{FAE04EC0-301F-11D3-BF4B-00C04F79EFBC}") = "Gestor_Projetos_Tarefas.Api", "Gestor_Projetos_Tarefas.Api\Gestor_Projetos_Tarefas.Api.csproj", "{93BF050B-A04C-4DE1-97FC-85EF9AF0BF81}"
EndProject
Project("{FAE04EC0-301F-11D3-BF4B-00C04F79EFBC}") = "Gestor_Projetos_Tarefas.Domain", "Gestor_Projetos_Tarefas.Domain\Gestor_Projetos_Tarefas.Domain.csproj", "{F23E524B-7D8B-4E99-86BB-217E14236DA2}"
EndProject
Project("{FAE04EC0-301F-11D3-BF4B-00C04F79EFBC}") = "Gestor_Projetos_Tarefas.Api.Test", "Gestor_Projetos_Tarefas.Api.Test\Gestor_Projetos_Tarefas.Api.Test.csproj", "{9E5EDBD0-BD09-4C9A-9F1A-FC62EC2E4E2D}"
EndProject
Project("{FAE04EC0-301F-11D3-BF4B-00C04F79EFBC}") = "Gestor_Projetos_Tarefas.Database", "Gestor_Projetos_Tarefas.Database\Gestor_Projetos_Tarefas.Database.csproj", "{03708E6C-21F8-4C9C-9E67-51F36E62AABC}"
EndProject
Global
	GlobalSection(SolutionConfigurationPlatforms) = preSolution
		Debug|Any CPU = Debug|Any CPU
		Release|Any CPU = Release|Any CPU
	EndGlobalSection
	GlobalSection(ProjectConfigurationPlatforms) = postSolution
		{93BF050B-A04C-4DE1-97FC-85EF9AF0BF81}.Debug|Any CPU.ActiveCfg = Debug|Any CPU
		{93BF050B-A04C-4DE1-97FC-85EF9AF0BF81}.Debug|Any CPU.Build.0 = Debug|Any CPU
		{93BF050B-A04C-4DE1-97FC-85EF9AF0BF81}.Release|Any CPU.ActiveCfg = Release|Any CPU
		{93BF050B-A04C-4DE1-97FC-85EF9AF0BF81}.Release|Any CPU.Build.0 = Release|Any CPU
		{F23E524B-7D8B-4E99-86BB-217E14236DA2}.Debug|Any CPU.ActiveCfg = Debug|Any CPU
		{F23E524B-7D8B-4E99-86BB-217E14236DA2}.Debug|Any CPU.Build.0 = Debug|Any CPU
		{F23E524B-7D8B-4E99-86BB-217E14236DA2}.Release|Any CPU.ActiveCfg = Release|Any CPU
		{F23E524B-7D8B-4E99-86BB-217E14236DA2}.Release|Any CPU.Build.0 = Release|Any CPU
		{9E5EDBD0-BD09-4C9A-9F1A-FC62EC2E4E2D}.Debug|Any CPU.ActiveCfg = Debug|Any CPU
		{9E5EDBD0-BD09-4C9A-9F1A-FC62EC2E4E2D}.Debug|Any CPU.Build.0 = Debug|Any CPU
		{9E5EDBD0-BD09-4C9A-9F1A-FC62EC2E4E2D}.Release|Any CPU.ActiveCfg = Release|Any CPU
		{9E5EDBD0-BD09-4C9A-9F1A-FC62EC2E4E2D}.Release|Any CPU.Build.0 = Release|Any CPU
		{03708E6C-21F8-4C9C-9E67-51F36E62AABC}.Debug|Any CPU.ActiveCfg = Debug|Any CPU
		{03708E6C-21F8-4C9C-9E67-51F36E62AABC}.Debug|Any CPU.Build.0 = Debug|Any CPU
		{03708E6C-21F8-4C9C-9E67-51F36E62AABC}.Release|Any CPU.ActiveCfg = Release|Any CPU
		{03708E6C-21F8-4C9C-9E67-51F36E62AABC}.Release|Any CPU.Build.0 = Release|Any CPU
	EndGlobalSection
	GlobalSection(SolutionProperties) = preSolution
		HideSolutionNode = FALSE
	EndGlobalSection
	GlobalSection(ExtensibilityGlobals) = postSolution
		SolutionGuid = {46A1A969-A9C1-4C21-81C4-1D7E95DC13FD}
	EndGlobalSection
EndGlobal
